{
  "name": "backend",
  "lockfileVersion": 3,
  "requires": true,
  "packages": {
    "": {
      "dependencies": {
        "@paddle/paddle-js": "^1.6.5"
      }
    },
    "node_modules/@paddle/paddle-js": {
      "version": "1.6.5",
      "resolved": "https://registry.npmjs.org/@paddle/paddle-js/-/paddle-js-1.6.5.tgz",
      "integrity": "sha512-uFRvptUzYRqRlqTU5XmfcZWC9BGVYpZNdANd3giJjZbJlHesnE4gn8PyjtYpesU1ar2ZGPuJxHvrrSIV9jjdVw==",
      "license": "Apache-2.0"
    }
  }
}
